
Microsoft Visual Studio Solution File, Format Version 12.00
# Visual Studio Version 17
VisualStudioVersion = 17.14.36616.10 d17.14
MinimumVisualStudioVersion = 10.0.40219.1
Project("{FAE04EC0-301F-11D3-BF4B-00C04F79EFBC}") = "ProjectOOP1", "ProjectOOP1\ProjectOOP1.csproj", "{91DF720B-77B7-4DD2-A3AB-4137825B5A1E}"
EndProject
Global
	GlobalSection(SolutionConfigurationPlatforms) = preSolution
		Debug|Any CPU = Debug|Any CPU
		Release|Any CPU = Release|Any CPU
	EndGlobalSection
	GlobalSection(ProjectConfigurationPlatforms) = postSolution
		{91DF720B-77B7-4DD2-A3AB-4137825B5A1E}.Debug|Any CPU.ActiveCfg = Debug|Any CPU
		{91DF720B-77B7-4DD2-A3AB-4137825B5A1E}.Debug|Any CPU.Build.0 = Debug|Any CPU
		{91DF720B-77B7-4DD2-A3AB-4137825B5A1E}.Release|Any CPU.ActiveCfg = Release|Any CPU
		{91DF720B-77B7-4DD2-A3AB-4137825B5A1E}.Release|Any CPU.Build.0 = Release|Any CPU
	EndGlobalSection
	GlobalSection(SolutionProperties) = preSolution
		HideSolutionNode = FALSE
	EndGlobalSection
	GlobalSection(ExtensibilityGlobals) = postSolution
		SolutionGuid = {10AFA79C-9CCD-42CF-9B51-2E5123721711}
	EndGlobalSection
EndGlobal
